# This file is automatically @generated by Cargo.
# It is not intended for manual editing.
version = 4

[[package]]
name = "addr2line"
version = "0.25.1"
source = "registry+https://github.com/rust-lang/crates.io-index"
checksum = "1b5d307320b3181d6d7954e663bd7c774a838b8220fe0593c86d9fb09f498b4b"
dependencies = [
 "gimli",
]

[[package]]
name = "allocator-api2"
version = "0.2.21"
source = "registry+https://github.com/rust-lang/crates.io-index"
checksum = "683d7910e743518b0e34f1186f92494becacb047c7b6bf616c96772180fef923"

[[package]]
name = "anyhow"
version = "1.0.104"
source = "registry+https://github.com/rust-lang/crates.io-index"
checksum = "330a5ed07fa54e4702c9d6c4174f74427fc0ef6e214bbd677ae50a5099946470"

[[package]]
name = "arbitrary"
version = "1.4.2"
source = "registry+https://github.com/rust-lang/crates.io-index"
checksum = "c3d036a3c4ab069c7b410a2ce876bd74808d2d0888a82667669f8e783a898bf1"

[[package]]
name = "bitflags"
version = "2.13.1"
source = "registry+https://github.com/rust-lang/crates.io-index"
checksum = "b588b76d00fde79687d7646a9b5bdf3cc0f655e0bbd080335a95d7e96f3587da"

[[package]]
name = "block-buffer"
version = "0.10.4"
source = "registry+https://github.com/rust-lang/crates.io-index"
checksum = "3078c7629b62d3f0439517fa394996acacc5cbc91c5a20d8c658e77abd503a71"
dependencies = [
 "generic-array",
]

[[package]]
name = "bumpalo"
version = "3.20.3"
source = "registry+https://github.com/rust-lang/crates.io-index"
checksum = "72f5acc6cb2ba439de613abc23857ec3d78374d8ed5ac84e9d11336e87da8649"
dependencies = [
 "allocator-api2",
]

[[package]]
name = "cc"
version = "1.4.4"
source = "registry+https://github.com/rust-lang/crates.io-index"
checksum = "0ad534f4357a5264cce5019c989cf66a4f0dc4e0d1b1d15f8aacec0ff7360273"
dependencies = [
 "find-msvc-tools",
 "shlex",
]

[[package]]
name = "cfg-if"
version = "1.0.4"
source = "registry+https://github.com/rust-lang/crates.io-index"
checksum = "9330f8b2ff13f34540b44e946ef35111825727b38d33286ef986142615121801"

[[package]]
name = "cobs"
version = "0.3.0"
source = "registry+https://github.com/rust-lang/crates.io-index"
checksum = "0fa961b519f0b462e3a3b4a34b64d119eeaca1d59af726fe450bbba07a9fc0a1"
dependencies = [
 "thiserror",
]

[[package]]
name = "cpufeatures"
version = "0.2.17"
source = "registry+https://github.com/rust-lang/crates.io-index"
checksum = "59ed5838eebb26a2bb2e58f6d5b5316989ae9d08bab10e0e6d103e656d1b0280"
dependencies = [
 "libc",
]

[[package]]
name = "cranelift-assembler-x64"
version = "0.123.14"
source = "registry+https://github.com/rust-lang/crates.io-index"
checksum = "6835dba958b2ab7ab523e7e99296e0524317f60430a00cf5850562ef78ea7001"
dependencies = [
 "cranelift-assembler-x64-meta",
]

[[package]]
name = "cranelift-assembler-x64-meta"
version = "0.123.14"
source = "registry+https://github.com/rust-lang/crates.io-index"
checksum = "0b6e4ce8ee6d899381fbdd9e6561336c651189d46cecaeee09b29e8d80aa786e"
dependencies = [
 "cranelift-srcgen",
]

[[package]]
name = "cranelift-bforest"
version = "0.123.14"
source = "registry+https://github.com/rust-lang/crates.io-index"
checksum = "0cb6d37015df7ea4b60450c1229ad5f5819a1fb27434b063f8e6216dfbd0c42a"
dependencies = [
 "cranelift-entity",
]

[[package]]
name = "cranelift-bitset"
version = "0.123.14"
source = "registry+https://github.com/rust-lang/crates.io-index"
checksum = "986bea0b0858b55192782120032ce9c15943fa073f186f6e479653c59e62c329"
dependencies = [
 "serde",
 "serde_derive",
]

[[package]]
name = "cranelift-codegen"
version = "0.123.13"
source = "registry+https://github.com/rust-lang/crates.io-index"
checksum = "daa4a357d030bdd586d8fe3da56b394f7f6b6ded506e59f945e7b32b1e126b71"
dependencies = [
 "bumpalo",
 "cranelift-assembler-x64",
 "cranelift-bforest",
 "cranelift-bitset",
 "cranelift-codegen-meta",
 "cranelift-codegen-shared",
 "cranelift-control",
 "cranelift-entity",
 "cranelift-isle",
 "gimli",
 "hashbrown 0.15.5",
 "log",
 "pulley-interpreter",
 "regalloc2",
 "rustc-hash",
 "serde",
 "smallvec",
 "target-lexicon",
 "wasmtime-internal-math",
]

[[package]]
name = "cranelift-codegen-meta"
version = "0.123.13"
source = "registry+https://github.com/rust-lang/crates.io-index"
checksum = "4121e36a8757dea6fb237435ee5095eba25bc13ecc2eaee57eb9bffd4b27784f"
dependencies = [
 "cranelift-assembler-x64-meta",
 "cranelift-codegen-shared",
 "cranelift-srcgen",
 "heck",
 "pulley-interpreter",
]

[[package]]
name = "cranelift-codegen-shared"
version = "0.123.14"
source = "registry+https://github.com/rust-lang/crates.io-index"
checksum = "ab54b260ef23a8f0f536679b9fc3b3b3e05353e8d1448f3ab83df02078e8be9b"

[[package]]
name = "cranelift-control"
version = "0.123.14"
source = "registry+https://github.com/rust-lang/crates.io-index"
checksum = "3f3e569779ad70537f34a670d444ee3d75ae583b2023913f4682814b0979f7e8"
dependencies = [
 "arbitrary",
]

[[package]]
name = "cranelift-entity"
version = "0.123.14"
source = "registry+https://github.com/rust-lang/crates.io-index"
checksum = "2ff53acc85f5c5f7d9315ff133a6671d329a0f04aa2d1a8a2e81d59709ccddcb"
dependencies = [
 "cranelift-bitset",
 "serde",
 "serde_derive",
]

[[package]]
name = "cranelift-frontend"
version = "0.123.13"
source = "registry+https://github.com/rust-lang/crates.io-index"
checksum = "90a3a277b1a0aff1123f6bae61c080a4bcb6df964829ed427f98e18dff14257f"
dependencies = [
 "cranelift-codegen",
 "log",
 "smallvec",
 "target-lexicon",
]

[[package]]
name = "cranelift-isle"
version = "0.123.13"
source = "registry+https://github.com/rust-lang/crates.io-index"
checksum = "be53dd9b3a4cbeb9ced45c4a543ea8417ccfb334c3ba1cbb2233f4b25fb2531f"

[[package]]
name = "cranelift-native"
version = "0.123.13"
source = "registry+https://github.com/rust-lang/crates.io-index"
checksum = "ca62ab1d9f48cad97da5843b913ccf96c3dfde935af5d750cb5a6d367ccfb262"
dependencies = [
 "cranelift-codegen",
 "libc",
 "target-lexicon",
]

[[package]]
name = "cranelift-srcgen"
version = "0.123.14"
source = "registry+https://github.com/rust-lang/crates.io-index"
checksum = "4ad4f61ae701d73c326d3df08c366b29ad10f1ba06c245092f217b8d2306746b"

[[package]]
name = "crc32fast"
version = "1.5.1"
source = "registry+https://github.com/rust-lang/crates.io-index"
checksum = "8498c871161e1742aaa9d52551b2d6ebdd4c3d45a3be423e3728f33b955be550"
dependencies = [
 "cfg-if",
]

[[package]]
name = "crypto-common"
version = "0.1.7"
source = "registry+https://github.com/rust-lang/crates.io-index"
checksum = "78c8292055d1c1df0cce5d180393dc8cce0abec0a7102adb6c7b1eef6016d60a"
dependencies = [
 "generic-array",
 "typenum",
]

[[package]]
name = "digest"
version = "0.10.7"
source = "registry+https://github.com/rust-lang/crates.io-index"
checksum = "9ed9a281f7bc9b7576e61468ba615a66a5c8cfdff42420a70aa82701a3b1e292"
dependencies = [
 "block-buffer",
 "crypto-common",
]

[[package]]
name = "either"
version = "1.18.0"
source = "registry+https://github.com/rust-lang/crates.io-index"
checksum = "252afb9ae5eaa683babdc6a068b3f5726eb19e05070c731f9b2a23a7c3e8ed34"

[[package]]
name = "embedded-io"
version = "0.4.0"
source = "registry+https://github.com/rust-lang/crates.io-index"
checksum = "ef1a6892d9eef45c8fa6b9e0086428a2cca8491aca8f787c534a3d6d0bcb3ced"

[[package]]
name = "embedded-io"
version = "0.6.1"
source = "registry+https://github.com/rust-lang/crates.io-index"
checksum = "edd0f118536f44f5ccd48bcb8b111bdc3de888b58c74639dfb034a357d0f206d"

[[package]]
name = "encoding_rs"
version = "0.8.35"
source = "registry+https://github.com/rust-lang/crates.io-index"
checksum = "75030f3c4f45dafd7586dd6780965a8c7e8e285a5ecb86713e63a79c5b2766f3"
dependencies = [
 "cfg-if",
]

[[package]]
name = "equivalent"
version = "1.0.2"
source = "registry+https://github.com/rust-lang/crates.io-index"
checksum = "877a4ace8713b0bcf2a4e7eec82529c029f1d0619886d18145fea96c3ffe5c0f"

[[package]]
name = "errno"
version = "0.3.14"
source = "registry+https://github.com/rust-lang/crates.io-index"
checksum = "39cab71617ae0d63f51a36d69f866391735b51691dbda63cf6f96d042b63efeb"
dependencies = [
 "libc",
 "windows-sys 0.61.2",
]

[[package]]
name = "fallible-iterator"
version = "0.3.0"
source = "registry+https://github.com/rust-lang/crates.io-index"
checksum = "2acce4a10f12dc2fb14a218589d4f1f62ef011b2d0cc4b3cb1bba8e94da14649"

[[package]]
name = "find-msvc-tools"
version = "0.1.11"
source = "registry+https://github.com/rust-lang/crates.io-index"
checksum = "d45db016d36b838f563236e9193d0ee6ce38f3f68b6c94e914b4929c96bbb890"

[[package]]
name = "foldhash"
version = "0.1.5"
source = "registry+https://github.com/rust-lang/crates.io-index"
checksum = "d9c4f5dac5e15c24eb999c26181a6ca40b39fe946cbe4c263c7209467bc83af2"

[[package]]
name = "generic-array"
version = "0.14.7"
source = "registry+https://github.com/rust-lang/crates.io-index"
checksum = "85649ca51fd72272d7821adaf274ad91c288277713d9c18820d8499a7ff69e9a"
dependencies = [
 "typenum",
 "version_check",
]

[[package]]
name = "gimli"
version = "0.32.3"
source = "registry+https://github.com/rust-lang/crates.io-index"
checksum = "e629b9b98ef3dd8afe6ca2bd0f89306cec16d43d907889945bc5d6687f2f13c7"
dependencies = [
 "fallible-iterator",
 "indexmap",
 "stable_deref_trait",
]

[[package]]
name = "hashbrown"
version = "0.15.5"
source = "registry+https://github.com/rust-lang/crates.io-index"
checksum = "9229cfe53dfd69f0609a49f65461bd93001ea1ef889cd5529dd176593f5338a1"
dependencies = [
 "foldhash",
 "serde",
]

[[package]]
name = "hashbrown"
version = "0.17.1"
source = "registry+https://github.com/rust-lang/crates.io-index"
checksum = "ed5909b6e89a2db4456e54cd5f673791d7eca6732202bbf2a9cc504fe2f9b84a"

[[package]]
name = "heck"
version = "0.5.0"
source = "registry+https://github.com/rust-lang/crates.io-index"
checksum = "2304e00983f87ffb38b55b444b5e3b60a884b5d30c0fca7d82fe33449bbe55ea"

[[package]]
name = "id-arena"
version = "2.3.0"
source = "registry+https://github.com/rust-lang/crates.io-index"
checksum = "3d3067d79b975e8844ca9eb072e16b31c3c1c36928edf9c6789548c524d0d954"

[[package]]
name = "indexmap"
version = "2.14.0"
source = "registry+https://github.com/rust-lang/crates.io-index"
checksum = "d466e9454f08e4a911e14806c24e16fba1b4c121d1ea474396f396069cf949d9"
dependencies = [
 "equivalent",
 "hashbrown 0.17.1",
 "serde",
 "serde_core",
]

[[package]]
name = "itertools"
version = "0.14.0"
source = "registry+https://github.com/rust-lang/crates.io-index"
checksum = "2b192c782037fadd9cfa75548310488aabdbf3d2da73885b31bd0abd03351285"
dependencies = [
 "either",
]

[[package]]
name = "itoa"
version = "1.0.18"
source = "registry+https://github.com/rust-lang/crates.io-index"
checksum = "8f42a60cbdf9a97f5d2305f08a87dc4e09308d1276d28c869c684d7777685682"

[[package]]
name = "leb128fmt"
version = "0.1.0"
source = "registry+https://github.com/rust-lang/crates.io-index"
checksum = "09edd9e8b54e49e587e4f6295a7d29c3ea94d469cb40ab8ca70b288248a81db2"

[[package]]
name = "libc"
version = "0.2.189"
source = "registry+https://github.com/rust-lang/crates.io-index"
checksum = "3eaf3ede3fee6db1a4c2ee091bf8a8b4dccdc6d17f656fb07896ee72867612f2"

[[package]]
name = "libm"
version = "0.2.16"
source = "registry+https://github.com/rust-lang/crates.io-index"
checksum = "b6d2cec3eae94f9f509c767b45932f1ada8350c4bdb85af2fcab4a3c14807981"

[[package]]
name = "linux-raw-sys"
version = "0.12.1"
source = "registry+https://github.com/rust-lang/crates.io-index"
checksum = "32a66949e030da00e8c7d4434b251670a91556f4144941d37452769c25d58a53"

[[package]]
name = "log"
version = "0.4.34"
source = "registry+https://github.com/rust-lang/crates.io-index"
checksum = "f9f8bd3e56ce4dfc153cf470fffbfa98c7620958b312ca5c3a4b8d5181fd13c6"

[[package]]
name = "mach2"
version = "0.4.3"
source = "registry+https://github.com/rust-lang/crates.io-index"
checksum = "d640282b302c0bb0a2a8e0233ead9035e3bed871f0b7e81fe4a1ec829765db44"
dependencies = [
 "libc",
]

[[package]]
name = "memchr"
version = "2.8.3"
source = "registry+https://github.com/rust-lang/crates.io-index"
checksum = "cf8baf1c55e62ffcace7a9f06f4bd9cd3f0c4beb022d3b367256b91b87513d98"

[[package]]
name = "memfd"
version = "0.6.5"
source = "registry+https://github.com/rust-lang/crates.io-index"
checksum = "ad38eb12aea514a0466ea40a80fd8cc83637065948eb4a426e4aa46261175227"
dependencies = [
 "rustix",
]

[[package]]
name = "object"
version = "0.37.3"
source = "registry+https://github.com/rust-lang/crates.io-index"
checksum = "ff76201f031d8863c38aa7f905eca4f53abbfa15f609db4277d44cd8938f33fe"
dependencies = [
 "crc32fast",
 "hashbrown 0.15.5",
 "indexmap",
 "memchr",
]

[[package]]
name = "once_cell"
version = "1.21.4"
source = "registry+https://github.com/rust-lang/crates.io-index"
checksum = "9f7c3e4beb33f85d45ae3e3a1792185706c8e16d043238c593331cc7cd313b50"

[[package]]
name = "postcard"
version = "1.1.3"
source = "registry+https://github.com/rust-lang/crates.io-index"
checksum = "6764c3b5dd454e283a30e6dfe78e9b31096d9e32036b5d1eaac7a6119ccb9a24"
dependencies = [
 "cobs",
 "embedded-io 0.4.0",
 "embedded-io 0.6.1",
 "serde",
]

[[package]]
name = "proc-macro2"
version = "1.0.107"
source = "registry+https://github.com/rust-lang/crates.io-index"
checksum = "985e7ec9bb745e6ce6535b544d84d6cd6f7ad8bd711c398938ae983b91a766d9"
dependencies = [
 "unicode-ident",
]

[[package]]
name = "pulley-interpreter"
version = "36.0.13"
source = "registry+https://github.com/rust-lang/crates.io-index"
checksum = "2662666315cb90dfb4d99a652ee053d4d8598f71c474209e84da031ca56ae5a4"
dependencies = [
 "cranelift-bitset",
 "log",
 "pulley-macros",
 "wasmtime-internal-math",
]

[[package]]
name = "pulley-macros"
version = "36.0.13"
source = "registry+https://github.com/rust-lang/crates.io-index"
checksum = "bb9a7d9ed2618f94b6d054aba3eb2768c9b489fe16b4ef8847fbc6ed41b707bb"
dependencies = [
 "proc-macro2",
 "quote",
 "syn 2.0.119",
]

[[package]]
name = "quote"
version = "1.0.47"
source = "registry+https://github.com/rust-lang/crates.io-index"
checksum = "1fbf4db142a473a8d80c26bbf18454ed458bf8d26c8219c331daecfdbd079001"
dependencies = [
 "proc-macro2",
]

[[package]]
name = "regalloc2"
version = "0.12.2"
source = "registry+https://github.com/rust-lang/crates.io-index"
checksum = "5216b1837de2149f8bc8e6d5f88a9326b63b8c836ed58ce4a0a29ec736a59734"
dependencies = [
 "allocator-api2",
 "bumpalo",
 "hashbrown 0.15.5",
 "log",
 "rustc-hash",
 "smallvec",
]

[[package]]
name = "rustc-hash"
version = "2.1.3"
source = "registry+https://github.com/rust-lang/crates.io-index"
checksum = "6b1e7f9a428571be2dc5bc0505c13fb6bf936822b894ec87abf8a08a4e51742d"

[[package]]
name = "rustix"
version = "1.1.4"
source = "registry+https://github.com/rust-lang/crates.io-index"
checksum = "b6fe4565b9518b83ef4f91bb47ce29620ca828bd32cb7e408f0062e9930ba190"
dependencies = [
 "bitflags",
 "errno",
 "libc",
 "linux-raw-sys",
 "windows-sys 0.61.2",
]

[[package]]
name = "semver"
version = "1.0.28"
source = "registry+https://github.com/rust-lang/crates.io-index"
checksum = "8a7852d02fc848982e0c167ef163aaff9cd91dc640ba85e263cb1ce46fae51cd"
dependencies = [
 "serde",
 "serde_core",
]

[[package]]
name = "serde"
version = "1.0.229"
source = "registry+https://github.com/rust-lang/crates.io-index"
checksum = "4148590afebada386688f18773da617792bf2ef03ffc1e4cbd2b1d45b023e0ba"
dependencies = [
 "serde_core",
 "serde_derive",
]

[[package]]
name = "serde_core"
version = "1.0.229"
source = "registry+https://github.com/rust-lang/crates.io-index"
checksum = "67dca2c9c51e58a4791a4b1ed58308b39c64224d349a935ab5039aa360942a48"
dependencies = [
 "serde_derive",
]

[[package]]
name = "serde_derive"
version = "1.0.229"
source = "registry+https://github.com/rust-lang/crates.io-index"
checksum = "e7a5d71263a5a7d47b41f6b3f06ba276f10cc18b0931f1799f710578e2309348"
dependencies = [
 "proc-macro2",
 "quote",
 "syn 3.0.4",
]

[[package]]
name = "serde_json"
version = "1.0.151"
source = "registry+https://github.com/rust-lang/crates.io-index"
checksum = "c841b55ecdae098c80dcae9cf767f6f8a0c2cdb3416bbef72181df4d0fe73f14"
dependencies = [
 "itoa",
 "memchr",
 "serde",
 "serde_core",
 "zmij",
]

[[package]]
name = "sha2"
version = "0.10.9"
source = "registry+https://github.com/rust-lang/crates.io-index"
checksum = "a7507d819769d01a365ab707794a4084392c824f54a7a6a7862f8c3d0892b283"
dependencies = [
 "cfg-if",
 "cpufeatures",
 "digest",
]

[[package]]
name = "shlex"
version = "2.0.1"
source = "registry+https://github.com/rust-lang/crates.io-index"
checksum = "f8fadd59c855ef2080decdef8ff161eb6661b86933c9d82e5ba29dc602a55aba"

[[package]]
name = "smallvec"
version = "1.15.2"
source = "registry+https://github.com/rust-lang/crates.io-index"
checksum = "8ed6a63f02c8539c91a8685a86f4099661ba3da017932f6ebbea6de3f0fa7c90"
dependencies = [
 "serde",
]

[[package]]
name = "stable_deref_trait"
version = "1.2.1"
source = "registry+https://github.com/rust-lang/crates.io-index"
checksum = "6ce2be8dc25455e1f91df71bfa12ad37d7af1092ae736f3a6cd0e37bc7810596"

[[package]]
name = "syn"
version = "2.0.119"
source = "registry+https://github.com/rust-lang/crates.io-index"
checksum = "872831b642d1a07999a962a351ed35b955ea2cfc8f3862091e2a240a84f17297"
dependencies = [
 "proc-macro2",
 "quote",
 "unicode-ident",
]

[[package]]
name = "syn"
version = "3.0.4"
source = "registry+https://github.com/rust-lang/crates.io-index"
checksum = "e6275cddf4610d1775e6d1fe9469b2e77d0f39fd98fb7450901b821e0c53649f"
dependencies = [
 "proc-macro2",
 "quote",
 "unicode-ident",
]

[[package]]
name = "target-lexicon"
version = "0.13.5"
source = "registry+https://github.com/rust-lang/crates.io-index"
checksum = "adb6935a6f5c20170eeceb1a3835a49e12e19d792f6dd344ccc76a985ca5a6ca"

[[package]]
name = "termcolor"
version = "1.4.1"
source = "registry+https://github.com/rust-lang/crates.io-index"
checksum = "06794f8f6c5c898b3275aebefa6b8a1cb24cd2c6c79397ab15774837a0bc5755"
dependencies = [
 "winapi-util",
]

[[package]]
name = "thiserror"
version = "2.0.20"
source = "registry+https://github.com/rust-lang/crates.io-index"
checksum = "ec86235f5fcc2a73650310756d2ac5b138a5780bbbdfae3eeccec992c435ba4f"
dependencies = [
 "thiserror-impl",
]

[[package]]
name = "thiserror-impl"
version = "2.0.20"
source = "registry+https://github.com/rust-lang/crates.io-index"
checksum = "bc04cd3e1236dd4a98afca4569f2deb3f120e5422a4023be2cb683f8486292af"
dependencies = [
 "proc-macro2",
 "quote",
 "syn 3.0.4",
]

[[package]]
name = "typenum"
version = "1.20.1"
source = "registry+https://github.com/rust-lang/crates.io-index"
checksum = "b6f5e870be6c3b371b77fe0ee0bafb859fa4964b4404c27de1d380043c4dda20"

[[package]]
name = "unicode-ident"
version = "1.0.24"
source = "registry+https://github.com/rust-lang/crates.io-index"
checksum = "e6e4313cd5fcd3dad5cafa179702e2b244f760991f45397d14d4ebf38247da75"

[[package]]
name = "unicode-xid"
version = "0.2.6"
source = "registry+https://github.com/rust-lang/crates.io-index"
checksum = "ebc1c04c71510c7f702b52b7c350734c9ff1295c464a03335b00bb84fc54f853"

[[package]]
name = "version_check"
version = "0.9.5"
source = "registry+https://github.com/rust-lang/crates.io-index"
checksum = "0b928f33d975fc6ad9f86c8f283853ad26bdd5b10b7f1542aa2fa15e2289105a"

[[package]]
name = "vibapp-service-runtime"
version = "0.1.0"
dependencies = [
 "libc",
 "serde",
 "serde_json",
 "sha2",
 "wasmtime",
]

[[package]]
name = "wasm-encoder"
version = "0.236.1"
source = "registry+https://github.com/rust-lang/crates.io-index"
checksum = "724fccfd4f3c24b7e589d333fc0429c68042897a7e8a5f8694f31792471841e7"
dependencies = [
 "leb128fmt",
 "wasmparser",
]

[[package]]
name = "wasmparser"
version = "0.236.1"
source = "registry+https://github.com/rust-lang/crates.io-index"
checksum = "a9b1e81f3eb254cf7404a82cee6926a4a3ccc5aad80cc3d43608a070c67aa1d7"
dependencies = [
 "bitflags",
 "hashbrown 0.15.5",
 "indexmap",
 "semver",
 "serde",
]

[[package]]
name = "wasmprinter"
version = "0.236.1"
source = "registry+https://github.com/rust-lang/crates.io-index"
checksum = "2df225df06a6df15b46e3f73ca066ff92c2e023670969f7d50ce7d5e695abbb1"
dependencies = [
 "anyhow",
 "termcolor",
 "wasmparser",
]

[[package]]
name = "wasmtime"
version = "36.0.13"
source = "registry+https://github.com/rust-lang/crates.io-index"
checksum = "93d881c5dcff5f230368d84fcf110ca25fe47badc694e7d559c3891492159916"
dependencies = [
 "addr2line",
 "anyhow",
 "bitflags",
 "bumpalo",
 "cc",
 "cfg-if",
 "encoding_rs",
 "hashbrown 0.15.5",
 "indexmap",
 "libc",
 "log",
 "mach2",
 "memfd",
 "object",
 "once_cell",
 "postcard",
 "pulley-interpreter",
 "rustix",
 "semver",
 "serde",
 "serde_derive",
 "smallvec",
 "target-lexicon",
 "wasmparser",
 "wasmtime-environ",
 "wasmtime-internal-asm-macros",
 "wasmtime-internal-component-macro",
 "wasmtime-internal-component-util",
 "wasmtime-internal-cranelift",
 "wasmtime-internal-fiber",
 "wasmtime-internal-jit-debug",
 "wasmtime-internal-jit-icache-coherence",
 "wasmtime-internal-math",
 "wasmtime-internal-slab",
 "wasmtime-internal-unwinder",
 "wasmtime-internal-versioned-export-macros",
 "wasmtime-internal-winch",
 "windows-sys 0.60.2",
]

[[package]]
name = "wasmtime-environ"
version = "36.0.13"
source = "registry+https://github.com/rust-lang/crates.io-index"
checksum = "a4b25534a3ff9dd844701c2bc997f76cb1f97bf2af0546a7066ae96f49c2e068"
dependencies = [
 "anyhow",
 "cranelift-bitset",
 "cranelift-entity",
 "gimli",
 "indexmap",
 "log",
 "object",
 "postcard",
 "semver",
 "serde",
 "serde_derive",
 "smallvec",
 "target-lexicon",
 "wasm-encoder",
 "wasmparser",
 "wasmprinter",
 "wasmtime-internal-component-util",
]

[[package]]
name = "wasmtime-internal-asm-macros"
version = "36.0.13"
source = "registry+https://github.com/rust-lang/crates.io-index"
checksum = "1d02832d760351fb3a1aa99eb8f7b95596c0f4e4e52df1547fcdb295ea5c780c"
dependencies = [
 "cfg-if",
]

[[package]]
name = "wasmtime-internal-component-macro"
version = "36.0.13"
source = "registry+https://github.com/rust-lang/crates.io-index"
checksum = "ba2ed6dbe24607573f7bcc59222f3bc2e7f7d31609466055c67b9484045a374a"
dependencies = [
 "anyhow",
 "proc-macro2",
 "quote",
 "syn 2.0.119",
 "wasmtime-internal-component-util",
 "wasmtime-internal-wit-bindgen",
 "wit-parser",
]

[[package]]
name = "wasmtime-internal-component-util"
version = "36.0.13"
source = "registry+https://github.com/rust-lang/crates.io-index"
checksum = "e21aadbf677ee3503ef2580ce3c6955508e90a2810e961739b30f79585af254c"

[[package]]
name = "wasmtime-internal-cranelift"
version = "36.0.13"
source = "registry+https://github.com/rust-lang/crates.io-index"
checksum = "65821bab751956cddfc6ee957beb13a0e2a6cf682050d75dfb7a0228db2ed499"
dependencies = [
 "anyhow",
 "cfg-if",
 "cranelift-codegen",
 "cranelift-control",
 "cranelift-entity",
 "cranelift-frontend",
 "cranelift-native",
 "gimli",
 "itertools",
 "log",
 "object",
 "pulley-interpreter",
 "smallvec",
 "target-lexicon",
 "thiserror",
 "wasmparser",
 "wasmtime-environ",
 "wasmtime-internal-math",
 "wasmtime-internal-versioned-export-macros",
]

[[package]]
name = "wasmtime-internal-fiber"
version = "36.0.13"
source = "registry+https://github.com/rust-lang/crates.io-index"
checksum = "18cf73e5e8d28a2b30d86454430c7dea3b593598dcbbc0ebb927ca2716222d41"
dependencies = [
 "anyhow",
 "cc",
 "cfg-if",
 "libc",
 "rustix",
 "wasmtime-internal-asm-macros",
 "wasmtime-internal-versioned-export-macros",
 "windows-sys 0.60.2",
]

[[package]]
name = "wasmtime-internal-jit-debug"
version = "36.0.13"
source = "registry+https://github.com/rust-lang/crates.io-index"
checksum = "4279dc3147ddaa21e5b3d2c0eaff117881c4f937747bdd2379eb361665843bd3"
dependencies = [
 "cc",
 "wasmtime-internal-versioned-export-macros",
]

[[package]]
name = "wasmtime-internal-jit-icache-coherence"
version = "36.0.13"
source = "registry+https://github.com/rust-lang/crates.io-index"
checksum = "a8eb677944201839c0be19b39b0f19dcd663efbcbc05a09c73f26fec7bdf0331"
dependencies = [
 "anyhow",
 "cfg-if",
 "libc",
 "windows-sys 0.60.2",
]

[[package]]
name = "wasmtime-internal-math"
version = "36.0.13"
source = "registry+https://github.com/rust-lang/crates.io-index"
checksum = "db9a153e184878df396a11f8912444531c2e4d0c7a1d9e9a52b30d9853d89cb9"
dependencies = [
 "libm",
]

[[package]]
name = "wasmtime-internal-slab"
version = "36.0.13"
source = "registry+https://github.com/rust-lang/crates.io-index"
checksum = "b771494bead25e1f0c4c89a9476dd0b65eacca314ed82125f1e197fbc3f0396b"

[[package]]
name = "wasmtime-internal-unwinder"
version = "36.0.13"
source = "registry+https://github.com/rust-lang/crates.io-index"
checksum = "90199caed6925420434a923861d8ad813689ca8533d2c679f805d12e35b40a4b"
dependencies = [
 "anyhow",
 "cfg-if",
 "cranelift-codegen",
 "log",
 "object",
]

[[package]]
name = "wasmtime-internal-versioned-export-macros"
version = "36.0.13"
source = "registry+https://github.com/rust-lang/crates.io-index"
checksum = "ae71687aa834f9cc9eb5b0f97c85184d7dc70b84d32fd8927af0887998a1ba35"
dependencies = [
 "proc-macro2",
 "quote",
 "syn 2.0.119",
]

[[package]]
name = "wasmtime-internal-winch"
version = "36.0.13"
source = "registry+https://github.com/rust-lang/crates.io-index"
checksum = "5d0ba45c0d766dd56257d97702d3284b6f69efdd4c53ca981a0754cc0a139df0"
dependencies = [
 "anyhow",
 "cranelift-codegen",
 "gimli",
 "object",
 "target-lexicon",
 "wasmparser",
 "wasmtime-environ",
 "wasmtime-internal-cranelift",
 "winch-codegen",
]

[[package]]
name = "wasmtime-internal-wit-bindgen"
version = "36.0.13"
source = "registry+https://github.com/rust-lang/crates.io-index"
checksum = "41a64d5112c06f9d54b41e61f0b757d3a5a52361bf359f01131cc7cb8551ac73"
dependencies = [
 "anyhow",
 "bitflags",
 "heck",
 "indexmap",
 "wit-parser",
]

[[package]]
name = "winapi-util"
version = "0.1.11"
source = "registry+https://github.com/rust-lang/crates.io-index"
checksum = "c2a7b1c03c876122aa43f3020e6c3c3ee5c05081c9a00739faf7503aeba10d22"
dependencies = [
 "windows-sys 0.61.2",
]

[[package]]
name = "winch-codegen"
version = "36.0.13"
source = "registry+https://github.com/rust-lang/crates.io-index"
checksum = "82ea9625459ce35d6a4188cf0f07c9095cbb0e5afd86f711d63955bfc4216e64"
dependencies = [
 "anyhow",
 "cranelift-assembler-x64",
 "cranelift-codegen",
 "gimli",
 "regalloc2",
 "smallvec",
 "target-lexicon",
 "thiserror",
 "wasmparser",
 "wasmtime-environ",
 "wasmtime-internal-cranelift",
 "wasmtime-internal-math",
]

[[package]]
name = "windows-link"
version = "0.2.1"
source = "registry+https://github.com/rust-lang/crates.io-index"
checksum = "f0805222e57f7521d6a62e36fa9163bc891acd422f971defe97d64e70d0a4fe5"

[[package]]
name = "windows-sys"
version = "0.60.2"
source = "registry+https://github.com/rust-lang/crates.io-index"
checksum = "f2f500e4d28234f72040990ec9d39e3a6b950f9f22d3dba18416c35882612bcb"
dependencies = [
 "windows-targets",
]

[[package]]
name = "windows-sys"
version = "0.61.2"
source = "registry+https://github.com/rust-lang/crates.io-index"
checksum = "ae137229bcbd6cdf0f7b80a31df61766145077ddf49416a728b02cb3921ff3fc"
dependencies = [
 "windows-link",
]

[[package]]
name = "windows-targets"
version = "0.53.5"
source = "registry+https://github.com/rust-lang/crates.io-index"
checksum = "4945f9f551b88e0d65f3db0bc25c33b8acea4d9e41163edf90dcd0b19f9069f3"
dependencies = [
 "windows-link",
 "windows_aarch64_gnullvm",
 "windows_aarch64_msvc",
 "windows_i686_gnu",
 "windows_i686_gnullvm",
 "windows_i686_msvc",
 "windows_x86_64_gnu",
 "windows_x86_64_gnullvm",
 "windows_x86_64_msvc",
]

[[package]]
name = "windows_aarch64_gnullvm"
version = "0.53.1"
source = "registry+https://github.com/rust-lang/crates.io-index"
checksum = "a9d8416fa8b42f5c947f8482c43e7d89e73a173cead56d044f6a56104a6d1b53"

[[package]]
name = "windows_aarch64_msvc"
version = "0.53.1"
source = "registry+https://github.com/rust-lang/crates.io-index"
checksum = "b9d782e804c2f632e395708e99a94275910eb9100b2114651e04744e9b125006"

[[package]]
name = "windows_i686_gnu"
version = "0.53.1"
source = "registry+https://github.com/rust-lang/crates.io-index"
checksum = "960e6da069d81e09becb0ca57a65220ddff016ff2d6af6a223cf372a506593a3"

[[package]]
name = "windows_i686_gnullvm"
version = "0.53.1"
source = "registry+https://github.com/rust-lang/crates.io-index"
checksum = "fa7359d10048f68ab8b09fa71c3daccfb0e9b559aed648a8f95469c27057180c"

[[package]]
name = "windows_i686_msvc"
version = "0.53.1"
source = "registry+https://github.com/rust-lang/crates.io-index"
checksum = "1e7ac75179f18232fe9c285163565a57ef8d3c89254a30685b57d83a38d326c2"

[[package]]
name = "windows_x86_64_gnu"
version = "0.53.1"
source = "registry+https://github.com/rust-lang/crates.io-index"
checksum = "9c3842cdd74a865a8066ab39c8a7a473c0778a3f29370b5fd6b4b9aa7df4a499"

[[package]]
name = "windows_x86_64_gnullvm"
version = "0.53.1"
source = "registry+https://github.com/rust-lang/crates.io-index"
checksum = "0ffa179e2d07eee8ad8f57493436566c7cc30ac536a3379fdf008f47f6bb7ae1"

[[package]]
name = "windows_x86_64_msvc"
version = "0.53.1"
source = "registry+https://github.com/rust-lang/crates.io-index"
checksum = "d6bbff5f0aada427a1e5a6da5f1f98158182f26556f345ac9e04d36d0ebed650"

[[package]]
name = "wit-parser"
version = "0.236.1"
source = "registry+https://github.com/rust-lang/crates.io-index"
checksum = "16e4833a20cd6e85d6abfea0e63a399472d6f88c6262957c17f546879a80ba15"
dependencies = [
 "anyhow",
 "id-arena",
 "indexmap",
 "log",
 "semver",
 "serde",
 "serde_derive",
 "serde_json",
 "unicode-xid",
 "wasmparser",
]

[[package]]
name = "zmij"
version = "1.0.23"
source = "registry+https://github.com/rust-lang/crates.io-index"
checksum = "29666d0abbfad1e3dc4dcf6144730dd3a3ab225bbbdac83319345b1b44ccfc1b"
