{
  "name": "vibapp-mobile-browser-sync-dependencies",
  "version": "0.1.0",
  "lockfileVersion": 3,
  "requires": true,
  "packages": {
    "": {
      "name": "vibapp-mobile-browser-sync-dependencies",
      "version": "0.1.0",
      "dependencies": {
        "@trystero-p2p/core": "0.25.3",
        "@trystero-p2p/torrent": "0.25.3"
      }
    },
    "node_modules/@trystero-p2p/core": {
      "version": "0.25.3",
      "resolved": "https://registry.npmjs.org/@trystero-p2p/core/-/core-0.25.3.tgz",
      "integrity": "sha512-lQKNq/ha+vF6kQZrpaXJGzlzxLF/Fhizoy5dwJUYQlkqRrbPup/Jov2EpPX/CPr2X+f79HxVzonkeni3MxmCuQ==",
      "license": "MIT"
    },
    "node_modules/@trystero-p2p/torrent": {
      "version": "0.25.3",
      "resolved": "https://registry.npmjs.org/@trystero-p2p/torrent/-/torrent-0.25.3.tgz",
      "integrity": "sha512-S+L+4vRAo5LBh9z3kUjio3l/8GNC/A0jbjOda3F1eumkDnmfIiIrFvpgB5ZBHTpB2EXqgaZYyKpxXWziXlndcA==",
      "license": "MIT",
      "dependencies": {
        "@trystero-p2p/core": "0.25.3"
      }
    }
  }
}
